
Microsoft Visual Studio Solution File, Format Version 12.00
# Visual Studio Version 17
VisualStudioVersion = 17.6.33723.286
MinimumVisualStudioVersion = 10.0.40219.1
Project("{9A19103F-16F7-4668-BE54-9A1E7A4F7556}") = "Bogus.App", "src\Bogus.App\Bogus.App.csproj", "{B75B9606-2DB8-414D-BC2F-F54C00CF9154}"
EndProject
Project("{FAE04EC0-301F-11D3-BF4B-00C04F79EFBC}") = "Bogus.Test", "test\Bogus.Test\Bogus.Test.csproj", "{C127E93D-18BB-4869-9991-85DDDAE6C0A4}"
EndProject
Global
	GlobalSection(SolutionConfigurationPlatforms) = preSolution
		Debug|Any CPU = Debug|Any CPU
		Release|Any CPU = Release|Any CPU
	EndGlobalSection
	GlobalSection(ProjectConfigurationPlatforms) = postSolution
		{B75B9606-2DB8-414D-BC2F-F54C00CF9154}.Debug|Any CPU.ActiveCfg = Debug|Any CPU
		{B75B9606-2DB8-414D-BC2F-F54C00CF9154}.Debug|Any CPU.Build.0 = Debug|Any CPU
		{B75B9606-2DB8-414D-BC2F-F54C00CF9154}.Release|Any CPU.ActiveCfg = Release|Any CPU
		{B75B9606-2DB8-414D-BC2F-F54C00CF9154}.Release|Any CPU.Build.0 = Release|Any CPU
		{C127E93D-18BB-4869-9991-85DDDAE6C0A4}.Debug|Any CPU.ActiveCfg = Debug|Any CPU
		{C127E93D-18BB-4869-9991-85DDDAE6C0A4}.Debug|Any CPU.Build.0 = Debug|Any CPU
		{C127E93D-18BB-4869-9991-85DDDAE6C0A4}.Release|Any CPU.ActiveCfg = Release|Any CPU
		{C127E93D-18BB-4869-9991-85DDDAE6C0A4}.Release|Any CPU.Build.0 = Release|Any CPU
	EndGlobalSection
	GlobalSection(SolutionProperties) = preSolution
		HideSolutionNode = FALSE
	EndGlobalSection
	GlobalSection(ExtensibilityGlobals) = postSolution
		SolutionGuid = {50205C89-01A8-4A86-93C0-DF45DB808BDA}
	EndGlobalSection
EndGlobal
